// !$*UTF8*$!
{
	archiveVersion = 1;
	classes = {
	};
	objectVersion = 56;
	objects = {

/* Begin PBXBuildFile section */
		4CB151212F16A69600A6698B /* RiseCueAlarmData.swift in Sources */ = {isa = PBXBuildFile; fileRef = 4CB151202F16A69600A6698B /* RiseCueAlarmData.swift */; };
		4CB151242F16A6B800A6698B /* AlarmKitManager.swift in Sources */ = {isa = PBXBuildFile; fileRef = 4CB151232F16A6B800A6698B /* AlarmKitManager.swift */; };
		AA0001 /* RiseCueApp.swift in Sources */ = {isa = PBXBuildFile; fileRef = AA0000 /* RiseCueApp.swift */; };
		AA0003 /* ContentView.swift in Sources */ = {isa = PBXBuildFile; fileRef = AA0002 /* ContentView.swift */; };
		AA0005 /* Assets.xcassets in Resources */ = {isa = PBXBuildFile; fileRef = AA0004 /* Assets.xcassets */; };
		AA0007 /* Preview Assets.xcassets in Resources */ = {isa = PBXBuildFile; fileRef = AA0006 /* Preview Assets.xcassets */; };
		AA0009 /* LocationManager.swift in Sources */ = {isa = PBXBuildFile; fileRef = AA0008 /* LocationManager.swift */; };
		AA000B /* SunriseService.swift in Sources */ = {isa = PBXBuildFile; fileRef = AA000A /* SunriseService.swift */; };
		AA000F /* RiseCueViewModel.swift in Sources */ = {isa = PBXBuildFile; fileRef = AA000E /* RiseCueViewModel.swift */; };
		AA0011 /* SavedLocation.swift in Sources */ = {isa = PBXBuildFile; fileRef = AA0010 /* SavedLocation.swift */; };
		AA0013 /* SettingsView.swift in Sources */ = {isa = PBXBuildFile; fileRef = AA0012 /* SettingsView.swift */; };
		AA0015 /* LocationManagementView.swift in Sources */ = {isa = PBXBuildFile; fileRef = AA0014 /* LocationManagementView.swift */; };
		AA0019 /* Theme.swift in Sources */ = {isa = PBXBuildFile; fileRef = AA0018 /* Theme.swift */; };
/* End PBXBuildFile section */

/* Begin PBXFileReference section */
		4CB151202F16A69600A6698B /* RiseCueAlarmData.swift */ = {isa = PBXFileReference; lastKnownFileType = sourcecode.swift; path = RiseCueAlarmData.swift; sourceTree = "<group>"; };
		4CB151232F16A6B800A6698B /* AlarmKitManager.swift */ = {isa = PBXFileReference; lastKnownFileType = sourcecode.swift; path = AlarmKitManager.swift; sourceTree = "<group>"; };
		AA0000 /* RiseCueApp.swift */ = {isa = PBXFileReference; lastKnownFileType = sourcecode.swift; path = RiseCueApp.swift; sourceTree = "<group>"; };
		AA0002 /* ContentView.swift */ = {isa = PBXFileReference; lastKnownFileType = sourcecode.swift; path = ContentView.swift; sourceTree = "<group>"; };
		AA0004 /* Assets.xcassets */ = {isa = PBXFileReference; lastKnownFileType = folder.assetcatalog; path = Assets.xcassets; sourceTree = "<group>"; };
		AA0006 /* Preview Assets.xcassets */ = {isa = PBXFileReference; lastKnownFileType = folder.assetcatalog; path = "Preview Assets.xcassets"; sourceTree = "<group>"; };
		AA0008 /* LocationManager.swift */ = {isa = PBXFileReference; lastKnownFileType = sourcecode.swift; path = LocationManager.swift; sourceTree = "<group>"; };
		AA000A /* SunriseService.swift */ = {isa = PBXFileReference; lastKnownFileType = sourcecode.swift; path = SunriseService.swift; sourceTree = "<group>"; };
		AA000E /* RiseCueViewModel.swift */ = {isa = PBXFileReference; lastKnownFileType = sourcecode.swift; path = RiseCueViewModel.swift; sourceTree = "<group>"; };
		AA0010 /* SavedLocation.swift */ = {isa = PBXFileReference; lastKnownFileType = sourcecode.swift; path = SavedLocation.swift; sourceTree = "<group>"; };
		AA0012 /* SettingsView.swift */ = {isa = PBXFileReference; lastKnownFileType = sourcecode.swift; path = SettingsView.swift; sourceTree = "<group>"; };
		AA0014 /* LocationManagementView.swift */ = {isa = PBXFileReference; lastKnownFileType = sourcecode.swift; path = LocationManagementView.swift; sourceTree = "<group>"; };
		AA0018 /* Theme.swift */ = {isa = PBXFileReference; lastKnownFileType = sourcecode.swift; path = Theme.swift; sourceTree = "<group>"; };
		AAFFFD /* RiseCue.app */ = {isa = PBXFileReference; explicitFileType = wrapper.application; includeInIndex = 0; path = RiseCue.app; sourceTree = BUILT_PRODUCTS_DIR; };
		AAFFFE /* Info.plist */ = {isa = PBXFileReference; lastKnownFileType = text.plist.xml; path = Info.plist; sourceTree = "<group>"; };
/* End PBXFileReference section */

/* Begin PBXFrameworksBuildPhase section */
		AAFFFA /* Frameworks */ = {
			isa = PBXFrameworksBuildPhase;
			buildActionMask = 2147483647;
			files = (
			);
			runOnlyForDeploymentPostprocessing = 0;
		};
/* End PBXFrameworksBuildPhase section */

/* Begin PBXGroup section */
		AA0016 /* Models */ = {
			isa = PBXGroup;
			children = (
				4CB151202F16A69600A6698B /* RiseCueAlarmData.swift */,
				AA0010 /* SavedLocation.swift */,
			);
			path = Models;
			sourceTree = "<group>";
		};
		AA0017 /* Views */ = {
			isa = PBXGroup;
			children = (
				AA0012 /* SettingsView.swift */,
				AA0014 /* LocationManagementView.swift */,
			);
			path = Views;
			sourceTree = "<group>";
		};
		AAFFF4 = {
			isa = PBXGroup;
			children = (
				AAFFF9 /* RiseCue */,
				AAFFFB /* Products */,
			);
			sourceTree = "<group>";
		};
		AAFFF9 /* RiseCue */ = {
			isa = PBXGroup;
			children = (
				AAFFFE /* Info.plist */,
				AA0000 /* RiseCueApp.swift */,
				AA0002 /* ContentView.swift */,
				AA000E /* RiseCueViewModel.swift */,
				AA0018 /* Theme.swift */,
				AA0016 /* Models */,
				AA0017 /* Views */,
				AAFFFF /* Services */,
				AA0004 /* Assets.xcassets */,
				AAFFFC /* Preview Content */,
			);
			path = RiseCue;
			sourceTree = "<group>";
		};
		AAFFFB /* Products */ = {
			isa = PBXGroup;
			children = (
				AAFFFD /* RiseCue.app */,
			);
			name = Products;
			sourceTree = "<group>";
		};
		AAFFFC /* Preview Content */ = {
			isa = PBXGroup;
			children = (
				AA0006 /* Preview Assets.xcassets */,
			);
			path = "Preview Content";
			sourceTree = "<group>";
		};
		AAFFFF /* Services */ = {
			isa = PBXGroup;
			children = (
				4CB151232F16A6B800A6698B /* AlarmKitManager.swift */,
				AA0008 /* LocationManager.swift */,
				AA000A /* SunriseService.swift */,
			);
			path = Services;
			sourceTree = "<group>";
		};
/* End PBXGroup section */

/* Begin PBXNativeTarget section */
		AA0020 /* RiseCue */ = {
			isa = PBXNativeTarget;
			buildConfigurationList = AAFFF7 /* Build configuration list for PBXNativeTarget "RiseCue" */;
			buildPhases = (
				AAFFF8 /* Sources */,
				AAFFFA /* Frameworks */,
				AA0021 /* Resources */,
			);
			buildRules = (
			);
			dependencies = (
			);
			name = RiseCue;
			productName = RiseCue;
			productReference = AAFFFD /* RiseCue.app */;
			productType = "com.apple.product-type.application";
		};
/* End PBXNativeTarget section */

/* Begin PBXProject section */
		AAFFF5 /* Project object */ = {
			isa = PBXProject;
			attributes = {
				BuildIndependentTargetsInParallel = 1;
				LastSwiftUpdateCheck = 2600;
				LastUpgradeCheck = 1500;
				TargetAttributes = {
					AA0020 = {
						CreatedOnToolsVersion = 15.0;
					};
				};
			};
			buildConfigurationList = AAFFF6 /* Build configuration list for PBXProject "RiseCue" */;
			compatibilityVersion = "Xcode 14.0";
			developmentRegion = en;
			hasScannedForEncodings = 0;
			knownRegions = (
				en,
				Base,
			);
			mainGroup = AAFFF4;
			productRefGroup = AAFFFB /* Products */;
			projectDirPath = "";
			projectRoot = "";
			targets = (
				AA0020 /* RiseCue */,
			);
		};
/* End PBXProject section */

/* Begin PBXResourcesBuildPhase section */
		AA0021 /* Resources */ = {
			isa = PBXResourcesBuildPhase;
			buildActionMask = 2147483647;
			files = (
				AA0007 /* Preview Assets.xcassets in Resources */,
				AA0005 /* Assets.xcassets in Resources */,
			);
			runOnlyForDeploymentPostprocessing = 0;
		};
/* End PBXResourcesBuildPhase section */

/* Begin PBXSourcesBuildPhase section */
		AAFFF8 /* Sources */ = {
			isa = PBXSourcesBuildPhase;
			buildActionMask = 2147483647;
			files = (
				AA0003 /* ContentView.swift in Sources */,
				AA0001 /* RiseCueApp.swift in Sources */,
				AA0019 /* Theme.swift in Sources */,
				4CB151212F16A69600A6698B /* RiseCueAlarmData.swift in Sources */,
				4CB151242F16A6B800A6698B /* AlarmKitManager.swift in Sources */,
				AA0009 /* LocationManager.swift in Sources */,
				AA000B /* SunriseService.swift in Sources */,
				AA000F /* RiseCueViewModel.swift in Sources */,
				AA0011 /* SavedLocation.swift in Sources */,
				AA0013 /* SettingsView.swift in Sources */,
				AA0015 /* LocationManagementView.swift in Sources */,
			);
			runOnlyForDeploymentPostprocessing = 0;
		};
/* End PBXSourcesBuildPhase section */

/* Begin XCBuildConfiguration section */
		AAFFF0 /* Debug */ = {
			isa = XCBuildConfiguration;
			buildSettings = {
				ALWAYS_SEARCH_USER_PATHS = NO;
				ASSETCATALOG_COMPILER_GENERATE_SWIFT_ASSET_SYMBOL_EXTENSIONS = YES;
				CLANG_ANALYZER_NONNULL = YES;
				CLANG_ANALYZER_NUMBER_OBJECT_CONVERSION = YES_AGGRESSIVE;
				CLANG_CXX_LANGUAGE_STANDARD = "gnu++20";
				CLANG_ENABLE_MODULES = YES;
				CLANG_ENABLE_OBJC_ARC = YES;
				CLANG_ENABLE_OBJC_WEAK = YES;
				CLANG_WARN_BLOCK_CAPTURE_AUTORELEASING = YES;
				CLANG_WARN_BOOL_CONVERSION = YES;
				CLANG_WARN_COMMA = YES;
				CLANG_WARN_CONSTANT_CONVERSION = YES;
				CLANG_WARN_DEPRECATED_OBJC_IMPLEMENTATIONS = YES;
				CLANG_WARN_DIRECT_OBJC_ISA_USAGE = YES_ERROR;
				CLANG_WARN_DOCUMENTATION_COMMENTS = YES;
				CLANG_WARN_EMPTY_BODY = YES;
				CLANG_WARN_ENUM_CONVERSION = YES;
				CLANG_WARN_INFINITE_RECURSION = YES;
				CLANG_WARN_INT_CONVERSION = YES;
				CLANG_WARN_NON_LITERAL_NULL_CONVERSION = YES;
				CLANG_WARN_OBJC_IMPLICIT_RETAIN_SELF = YES;
				CLANG_WARN_OBJC_LITERAL_CONVERSION = YES;
				CLANG_WARN_OBJC_ROOT_CLASS = YES_ERROR;
				CLANG_WARN_QUOTED_INCLUDE_IN_FRAMEWORK_HEADER = YES;
				CLANG_WARN_RANGE_LOOP_ANALYSIS = YES;
				CLANG_WARN_STRICT_PROTOTYPES = YES;
				CLANG_WARN_SUSPICIOUS_MOVE = YES;
				CLANG_WARN_UNGUARDED_AVAILABILITY = YES_AGGRESSIVE;
				CLANG_WARN_UNREACHABLE_CODE = YES;
				CLANG_WARN__DUPLICATE_METHOD_MATCH = YES;
				COPY_PHASE_STRIP = NO;
				DEBUG_INFORMATION_FORMAT = dwarf;
				ENABLE_STRICT_OBJC_MSGSEND = YES;
				ENABLE_TESTABILITY = YES;
				ENABLE_USER_SCRIPT_SANDBOXING = YES;
				GCC_C_LANGUAGE_STANDARD = gnu17;
				GCC_DYNAMIC_NO_PIC = NO;
				GCC_NO_COMMON_BLOCKS = YES;
				GCC_OPTIMIZATION_LEVEL = 0;
				GCC_PREPROCESSOR_DEFINITIONS = (
					"DEBUG=1",
					"$(inherited)",
				);
				GCC_WARN_64_TO_32_BIT_CONVERSION = YES;
				GCC_WARN_ABOUT_RETURN_TYPE = YES_ERROR;
				GCC_WARN_UNDECLARED_SELECTOR = YES;
				GCC_WARN_UNINITIALIZED_AUTOS = YES_AGGRESSIVE;
				GCC_WARN_UNUSED_FUNCTION = YES;
				GCC_WARN_UNUSED_VARIABLE = YES;
				IPHONEOS_DEPLOYMENT_TARGET = 16.0;
				LOCALIZATION_PREFERS_STRING_CATALOGS = YES;
				MTL_ENABLE_DEBUG_INFO = INCLUDE_SOURCE;
				MTL_FAST_MATH = YES;
				ONLY_ACTIVE_ARCH = YES;
				SDKROOT = iphoneos;
				SWIFT_ACTIVE_COMPILATION_CONDITIONS = "DEBUG $(inherited)";
				SWIFT_OPTIMIZATION_LEVEL = "-Onone";
			};
			name = Debug;
		};
		AAFFF1 /* Release */ = {
			isa = XCBuildConfiguration;
			buildSettings = {
				ALWAYS_SEARCH_USER_PATHS = NO;
				ASSETCATALOG_COMPILER_GENERATE_SWIFT_ASSET_SYMBOL_EXTENSIONS = YES;
				CLANG_ANALYZER_NONNULL = YES;
				CLANG_ANALYZER_NUMBER_OBJECT_CONVERSION = YES_AGGRESSIVE;
				CLANG_CXX_LANGUAGE_STANDARD = "gnu++20";
				CLANG_ENABLE_MODULES = YES;
				CLANG_ENABLE_OBJC_ARC = YES;
				CLANG_ENABLE_OBJC_WEAK = YES;
				CLANG_WARN_BLOCK_CAPTURE_AUTORELEASING = YES;
				CLANG_WARN_BOOL_CONVERSION = YES;
				CLANG_WARN_COMMA = YES;
				CLANG_WARN_CONSTANT_CONVERSION = YES;
				CLANG_WARN_DEPRECATED_OBJC_IMPLEMENTATIONS = YES;
				CLANG_WARN_DIRECT_OBJC_ISA_USAGE = YES_ERROR;
				CLANG_WARN_DOCUMENTATION_COMMENTS = YES;
				CLANG_WARN_EMPTY_BODY = YES;
				CLANG_WARN_ENUM_CONVERSION = YES;
				CLANG_WARN_INFINITE_RECURSION = YES;
				CLANG_WARN_INT_CONVERSION = YES;
				CLANG_WARN_NON_LITERAL_NULL_CONVERSION = YES;
				CLANG_WARN_OBJC_IMPLICIT_RETAIN_SELF = YES;
				CLANG_WARN_OBJC_LITERAL_CONVERSION = YES;
				CLANG_WARN_OBJC_ROOT_CLASS = YES_ERROR;
				CLANG_WARN_QUOTED_INCLUDE_IN_FRAMEWORK_HEADER = YES;
				CLANG_WARN_RANGE_LOOP_ANALYSIS = YES;
				CLANG_WARN_STRICT_PROTOTYPES = YES;
				CLANG_WARN_SUSPICIOUS_MOVE = YES;
				CLANG_WARN_UNGUARDED_AVAILABILITY = YES_AGGRESSIVE;
				CLANG_WARN_UNREACHABLE_CODE = YES;
				CLANG_WARN__DUPLICATE_METHOD_MATCH = YES;
				COPY_PHASE_STRIP = NO;
				DEBUG_INFORMATION_FORMAT = "dwarf-with-dsym";
				ENABLE_NS_ASSERTIONS = NO;
				ENABLE_STRICT_OBJC_MSGSEND = YES;
				ENABLE_USER_SCRIPT_SANDBOXING = YES;
				GCC_C_LANGUAGE_STANDARD = gnu17;
				GCC_NO_COMMON_BLOCKS = YES;
				GCC_WARN_64_TO_32_BIT_CONVERSION = YES;
				GCC_WARN_ABOUT_RETURN_TYPE = YES_ERROR;
				GCC_WARN_UNDECLARED_SELECTOR = YES;
				GCC_WARN_UNINITIALIZED_AUTOS = YES_AGGRESSIVE;
				GCC_WARN_UNUSED_FUNCTION = YES;
				GCC_WARN_UNUSED_VARIABLE = YES;
				IPHONEOS_DEPLOYMENT_TARGET = 16.0;
				LOCALIZATION_PREFERS_STRING_CATALOGS = YES;
				MTL_ENABLE_DEBUG_INFO = NO;
				MTL_FAST_MATH = YES;
				SDKROOT = iphoneos;
				SWIFT_COMPILATION_MODE = wholemodule;
				VALIDATE_PRODUCT = YES;
			};
			name = Release;
		};
		AAFFF2 /* Debug */ = {
			isa = XCBuildConfiguration;
			buildSettings = {
				ASSETCATALOG_COMPILER_APPICON_NAME = AppIcon;
				ASSETCATALOG_COMPILER_GLOBAL_ACCENT_COLOR_NAME = AccentColor;
				CODE_SIGN_STYLE = Automatic;
				CURRENT_PROJECT_VERSION = 1;
				DEVELOPMENT_ASSET_PATHS = "\"RiseCue/Preview Content\"";
				DEVELOPMENT_TEAM = UY27YB5ZKJ;
				ENABLE_PREVIEWS = YES;
				GENERATE_INFOPLIST_FILE = NO;
				INFOPLIST_FILE = RiseCue/Info.plist;
				INFOPLIST_KEY_CFBundleDisplayName = RiseCue;
				INFOPLIST_KEY_NSLocationWhenInUseUsageDescription = "We need your location to determine sunrise time for your area";
				INFOPLIST_KEY_UIApplicationSceneManifest_Generation = YES;
				INFOPLIST_KEY_UIApplicationSupportsIndirectInputEvents = YES;
				INFOPLIST_KEY_UILaunchScreen_Generation = YES;
				INFOPLIST_KEY_UISupportedInterfaceOrientations = UIInterfaceOrientationPortrait;
				INFOPLIST_KEY_UISupportedInterfaceOrientations_iPad = "UIInterfaceOrientationLandscapeLeft UIInterfaceOrientationLandscapeRight UIInterfaceOrientationPortrait UIInterfaceOrientationPortraitUpsideDown";
				IPHONEOS_DEPLOYMENT_TARGET = 26.0;
				LD_RUNPATH_SEARCH_PATHS = (
					"$(inherited)",
					"@executable_path/Frameworks",
				);
				MARKETING_VERSION = 1.0;
				PRODUCT_BUNDLE_IDENTIFIER = com.archerfish.risecue;
				PRODUCT_NAME = "$(TARGET_NAME)";
				SWIFT_EMIT_LOC_STRINGS = YES;
				SWIFT_VERSION = 5.0;
				TARGETED_DEVICE_FAMILY = "1,2";
			};
			name = Debug;
		};
		AAFFF3 /* Release */ = {
			isa = XCBuildConfiguration;
			buildSettings = {
				ASSETCATALOG_COMPILER_APPICON_NAME = AppIcon;
				ASSETCATALOG_COMPILER_GLOBAL_ACCENT_COLOR_NAME = AccentColor;
				CODE_SIGN_STYLE = Automatic;
				CURRENT_PROJECT_VERSION = 1;
				DEVELOPMENT_ASSET_PATHS = "\"RiseCue/Preview Content\"";
				DEVELOPMENT_TEAM = UY27YB5ZKJ;
				ENABLE_PREVIEWS = YES;
				GENERATE_INFOPLIST_FILE = NO;
				INFOPLIST_FILE = RiseCue/Info.plist;
				INFOPLIST_KEY_CFBundleDisplayName = RiseCue;
				INFOPLIST_KEY_NSLocationWhenInUseUsageDescription = "We need your location to determine sunrise time for your area";
				INFOPLIST_KEY_UIApplicationSceneManifest_Generation = YES;
				INFOPLIST_KEY_UIApplicationSupportsIndirectInputEvents = YES;
				INFOPLIST_KEY_UILaunchScreen_Generation = YES;
				INFOPLIST_KEY_UISupportedInterfaceOrientations = UIInterfaceOrientationPortrait;
				INFOPLIST_KEY_UISupportedInterfaceOrientations_iPad = "UIInterfaceOrientationLandscapeLeft UIInterfaceOrientationLandscapeRight UIInterfaceOrientationPortrait UIInterfaceOrientationPortraitUpsideDown";
				IPHONEOS_DEPLOYMENT_TARGET = 26.0;
				LD_RUNPATH_SEARCH_PATHS = (
					"$(inherited)",
					"@executable_path/Frameworks",
				);
				MARKETING_VERSION = 1.0;
				PRODUCT_BUNDLE_IDENTIFIER = com.archerfish.risecue;
				PRODUCT_NAME = "$(TARGET_NAME)";
				SWIFT_EMIT_LOC_STRINGS = YES;
				SWIFT_VERSION = 5.0;
				TARGETED_DEVICE_FAMILY = "1,2";
			};
			name = Release;
		};
/* End XCBuildConfiguration section */

/* Begin XCConfigurationList section */
		AAFFF6 /* Build configuration list for PBXProject "RiseCue" */ = {
			isa = XCConfigurationList;
			buildConfigurations = (
				AAFFF0 /* Debug */,
				AAFFF1 /* Release */,
			);
			defaultConfigurationIsVisible = 0;
			defaultConfigurationName = Release;
		};
		AAFFF7 /* Build configuration list for PBXNativeTarget "RiseCue" */ = {
			isa = XCConfigurationList;
			buildConfigurations = (
				AAFFF2 /* Debug */,
				AAFFF3 /* Release */,
			);
			defaultConfigurationIsVisible = 0;
			defaultConfigurationName = Release;
		};
/* End XCConfigurationList section */
	};
	rootObject = AAFFF5 /* Project object */;
}
